
Microsoft Visual Studio Solution File, Format Version 12.00
Project("{FAE04EC0-301F-11D3-BF4B-00C04F79EFBC}") = "BlazorServer", "BlazorServer\BlazorServer.csproj", "{7A39F2DD-D408-4AEB-A6A4-30A5F4F8EF04}"
EndProject
Project("{FAE04EC0-301F-11D3-BF4B-00C04F79EFBC}") = "BlazorWASM", "BlazorWASM\BlazorWASM.csproj", "{8F6375EC-6CFF-47E8-9653-8E1311DEBE3B}"
EndProject
Global
	GlobalSection(SolutionConfigurationPlatforms) = preSolution
		Debug|Any CPU = Debug|Any CPU
		Release|Any CPU = Release|Any CPU
	EndGlobalSection
	GlobalSection(ProjectConfigurationPlatforms) = postSolution
		{7A39F2DD-D408-4AEB-A6A4-30A5F4F8EF04}.Debug|Any CPU.ActiveCfg = Debug|Any CPU
		{7A39F2DD-D408-4AEB-A6A4-30A5F4F8EF04}.Debug|Any CPU.Build.0 = Debug|Any CPU
		{7A39F2DD-D408-4AEB-A6A4-30A5F4F8EF04}.Release|Any CPU.ActiveCfg = Release|Any CPU
		{7A39F2DD-D408-4AEB-A6A4-30A5F4F8EF04}.Release|Any CPU.Build.0 = Release|Any CPU
		{8F6375EC-6CFF-47E8-9653-8E1311DEBE3B}.Debug|Any CPU.ActiveCfg = Debug|Any CPU
		{8F6375EC-6CFF-47E8-9653-8E1311DEBE3B}.Debug|Any CPU.Build.0 = Debug|Any CPU
		{8F6375EC-6CFF-47E8-9653-8E1311DEBE3B}.Release|Any CPU.ActiveCfg = Release|Any CPU
		{8F6375EC-6CFF-47E8-9653-8E1311DEBE3B}.Release|Any CPU.Build.0 = Release|Any CPU
	EndGlobalSection
EndGlobal
